
Microsoft Visual Studio Solution File, Format Version 12.00
# Visual Studio 15
Project("{FAE04EC0-301F-11D3-BF4B-00C04F79EFBC}") = "Students.Web", "Students.Web\Students.Web.csproj", "{2A95682D-C457-4C53-9845-2DB1E024E681}"
EndProject
Global
	GlobalSection(SolutionConfigurationPlatforms) = preSolution
		Debug|Any CPU = Debug|Any CPU
		Release|Any CPU = Release|Any CPU
	EndGlobalSection
	GlobalSection(ProjectConfigurationPlatforms) = postSolution
		{2A95682D-C457-4C53-9845-2DB1E024E681}.Debug|Any CPU.ActiveCfg = Debug|Any CPU
		{2A95682D-C457-4C53-9845-2DB1E024E681}.Debug|Any CPU.Build.0 = Debug|Any CPU
		{2A95682D-C457-4C53-9845-2DB1E024E681}.Release|Any CPU.ActiveCfg = Release|Any CPU
		{2A95682D-C457-4C53-9845-2DB1E024E681}.Release|Any CPU.Build.0 = Release|Any CPU
	EndGlobalSection
EndGlobal
